
Microsoft Visual Studio Solution File, Format Version 12.00
# Visual Studio 2013
VisualStudioVersion = 12.0.21005.1
MinimumVisualStudioVersion = 10.0.40219.1
Project("{FAE04EC0-301F-11D3-BF4B-00C04F79EFBC}") = "Haarlem Festival", "Haarlem Festival\Haarlem Festival.csproj", "{F3289101-B5A5-4107-A135-CFD762163460}"
EndProject
Project("{FAE04EC0-301F-11D3-BF4B-00C04F79EFBC}") = "Haarlem Festival.Tests", "Haarlem Festival.Tests\Haarlem Festival.Tests.csproj", "{A115DF5B-B186-48F3-A82F-DA56990BD851}"
EndProject
Global
	GlobalSection(SolutionConfigurationPlatforms) = preSolution
		Debug|Any CPU = Debug|Any CPU
		Release|Any CPU = Release|Any CPU
	EndGlobalSection
	GlobalSection(ProjectConfigurationPlatforms) = postSolution
		{F3289101-B5A5-4107-A135-CFD762163460}.Debug|Any CPU.ActiveCfg = Debug|Any CPU
		{F3289101-B5A5-4107-A135-CFD762163460}.Debug|Any CPU.Build.0 = Debug|Any CPU
		{F3289101-B5A5-4107-A135-CFD762163460}.Release|Any CPU.ActiveCfg = Release|Any CPU
		{F3289101-B5A5-4107-A135-CFD762163460}.Release|Any CPU.Build.0 = Release|Any CPU
		{A115DF5B-B186-48F3-A82F-DA56990BD851}.Debug|Any CPU.ActiveCfg = Debug|Any CPU
		{A115DF5B-B186-48F3-A82F-DA56990BD851}.Debug|Any CPU.Build.0 = Debug|Any CPU
		{A115DF5B-B186-48F3-A82F-DA56990BD851}.Release|Any CPU.ActiveCfg = Release|Any CPU
		{A115DF5B-B186-48F3-A82F-DA56990BD851}.Release|Any CPU.Build.0 = Release|Any CPU
	EndGlobalSection
	GlobalSection(SolutionProperties) = preSolution
		HideSolutionNode = FALSE
	EndGlobalSection
EndGlobal
